{
  "name": "smart-ide-app",
  "version": "0.1.0",
  "lockfileVersion": 3,
  "requires": true,
  "packages": {
    "": {
      "name": "smart-ide-app",
      "version": "0.1.0",
      "dependencies": {
        "next": "latest",
        "react": "latest",
        "react-dom": "latest"
      },
      "devDependencies": {
        "@eslint/js": "latest",
        "@types/node": "latest",
        "@types/react": "latest",
        "@types/react-dom": "latest",
        "eslint": "latest",
        "eslint-config-prettier": "latest",
        "typescript": "latest",
        "typescript-eslint": "latest",
        "@next/eslint-plugin-next": "latest"
      },
      "engines": {
        "node": ">=20.0.0"
      }
    }
  }
}
